{
  "name": "as-wasix",
  "version": "0.1.0",
  "lockfileVersion": 3,
  "requires": true,
  "packages": {
    "": {
      "name": "as-wasix",
      "version": "0.1.0",
      "license": "MIT",
      "dependencies": {
        "@assemblyscript/wasi-shim": "^0.1.0"
      },
      "devDependencies": {
        "as-test": "^1.0.3",
        "assemblyscript": "^0.28.9"
      },
      "peerDependencies": {
        "assemblyscript": "^0.28.9"
      }
    },
    "node_modules/@assemblyscript/wasi-shim": {
      "version": "0.1.0",
      "resolved": "https://registry.npmjs.org/@assemblyscript/wasi-shim/-/wasi-shim-0.1.0.tgz",
      "integrity": "sha512-fSLH7MdJHf2uDW5llA5VCF/CG62Jp2WkYGui9/3vIWs3jDhViGeQF7nMYLUjpigluM5fnq61I6obtCETy39FZw==",
      "license": "Apache-2.0",
      "funding": {
        "type": "opencollective",
        "url": "https://opencollective.com/assemblyscript"
      }
    },
    "node_modules/as-console": {
      "version": "7.0.0",
      "resolved": "https://registry.npmjs.org/as-console/-/as-console-7.0.0.tgz",
      "integrity": "sha512-UA/hTsUgKUElgie5M10HVJ13MJ2TACUVOfZbAckHZUhb3S0q/jOnr8mSvGoSD0BH9wYHQk+E8qbOCHfTYx+7JA==",
      "dev": true,
      "license": "MIT",
      "dependencies": {
        "as-rainbow": "^0.1.0",
        "table-as": "^1.0.1"
      }
    },
    "node_modules/as-rainbow": {
      "version": "0.1.0",
      "resolved": "https://registry.npmjs.org/as-rainbow/-/as-rainbow-0.1.0.tgz",
      "integrity": "sha512-mB/yOx9aT0zOsq0pub9wwYMfUK7iqkuFBT1s6raz3uCmsLBUlq3VBRCKsJExCe31EE5KCvlyb3ys0cwXKP8bxQ==",
      "dev": true,
      "license": "MIT"
    },
    "node_modules/as-test": {
      "version": "1.0.3",
      "resolved": "https://registry.npmjs.org/as-test/-/as-test-1.0.3.tgz",
      "integrity": "sha512-lTlDn3TJRP0ljQYvFlF124SyXkbGH6DRXkxNtE3ovkYZn4Zn7eZOl8Tt7qiAboyVwz4uQ+FgklGWiyaupSr/2w==",
      "dev": true,
      "license": "MIT",
      "dependencies": {
        "as-console": "^7.0.0",
        "as-rainbow": "^0.1.0",
        "chalk": "^5.6.2",
        "glob": "^13.0.3",
        "typer-diff": "^1.1.1",
        "wipc-js": "^0.1.1"
      },
      "bin": {
        "as-test": "bin/index.js",
        "ast": "bin/index.js"
      }
    },
    "node_modules/assemblyscript": {
      "version": "0.28.10",
      "resolved": "https://registry.npmjs.org/assemblyscript/-/assemblyscript-0.28.10.tgz",
      "integrity": "sha512-MGqjjNlPMmcWjfnme3cGFKmbBY/rj0bmE4M1Wg8tNqmHusA1PAjOMgWK67KWBK63lmvotFDoP8e5N0URxKlR/Q==",
      "dev": true,
      "license": "Apache-2.0",
      "peer": true,
      "dependencies": {
        "binaryen": "123.0.0-nightly.20250530",
        "long": "^5.2.4"
      },
      "bin": {
        "asc": "bin/asc.js",
        "asinit": "bin/asinit.js"
      },
      "engines": {
        "node": ">=20",
        "npm": ">=10"
      },
      "funding": {
        "type": "opencollective",
        "url": "https://opencollective.com/assemblyscript"
      }
    },
    "node_modules/balanced-match": {
      "version": "4.0.4",
      "resolved": "https://registry.npmjs.org/balanced-match/-/balanced-match-4.0.4.tgz",
      "integrity": "sha512-BLrgEcRTwX2o6gGxGOCNyMvGSp35YofuYzw9h1IMTRmKqttAZZVU67bdb9Pr2vUHA8+j3i2tJfjO6C6+4myGTA==",
      "dev": true,
      "license": "MIT",
      "engines": {
        "node": "18 || 20 || >=22"
      }
    },
    "node_modules/binaryen": {
      "version": "123.0.0-nightly.20250530",
      "resolved": "https://registry.npmjs.org/binaryen/-/binaryen-123.0.0-nightly.20250530.tgz",
      "integrity": "sha512-d1zPHBN5YlOd3Ff+OUxvVExuFeh8heSnqe+X3bjItFxGLvn4VGBKmrvv7pgy/cRhrIUGuPW138iaWfDhwjyDqg==",
      "dev": true,
      "license": "Apache-2.0",
      "bin": {
        "wasm-as": "bin/wasm-as",
        "wasm-ctor-eval": "bin/wasm-ctor-eval",
        "wasm-dis": "bin/wasm-dis",
        "wasm-merge": "bin/wasm-merge",
        "wasm-metadce": "bin/wasm-metadce",
        "wasm-opt": "bin/wasm-opt",
        "wasm-reduce": "bin/wasm-reduce",
        "wasm-shell": "bin/wasm-shell",
        "wasm2js": "bin/wasm2js"
      }
    },
    "node_modules/brace-expansion": {
      "version": "5.0.5",
      "resolved": "https://registry.npmjs.org/brace-expansion/-/brace-expansion-5.0.5.tgz",
      "integrity": "sha512-VZznLgtwhn+Mact9tfiwx64fA9erHH/MCXEUfB/0bX/6Fz6ny5EGTXYltMocqg4xFAQZtnO3DHWWXi8RiuN7cQ==",
      "dev": true,
      "license": "MIT",
      "dependencies": {
        "balanced-match": "^4.0.2"
      },
      "engines": {
        "node": "18 || 20 || >=22"
      }
    },
    "node_modules/chalk": {
      "version": "5.6.2",
      "resolved": "https://registry.npmjs.org/chalk/-/chalk-5.6.2.tgz",
      "integrity": "sha512-7NzBL0rN6fMUW+f7A6Io4h40qQlG+xGmtMxfbnH/K7TAtt8JQWVQK+6g0UXKMeVJoyV5EkkNsErQ8pVD3bLHbA==",
      "dev": true,
      "license": "MIT",
      "engines": {
        "node": "^12.17.0 || ^14.13 || >=16.0.0"
      },
      "funding": {
        "url": "https://github.com/chalk/chalk?sponsor=1"
      }
    },
    "node_modules/glob": {
      "version": "13.0.6",
      "resolved": "https://registry.npmjs.org/glob/-/glob-13.0.6.tgz",
      "integrity": "sha512-Wjlyrolmm8uDpm/ogGyXZXb1Z+Ca2B8NbJwqBVg0axK9GbBeoS7yGV6vjXnYdGm6X53iehEuxxbyiKp8QmN4Vw==",
      "dev": true,
      "license": "BlueOak-1.0.0",
      "dependencies": {
        "minimatch": "^10.2.2",
        "minipass": "^7.1.3",
        "path-scurry": "^2.0.2"
      },
      "engines": {
        "node": "18 || 20 || >=22"
      },
      "funding": {
        "url": "https://github.com/sponsors/isaacs"
      }
    },
    "node_modules/json-as": {
      "version": "1.3.1",
      "resolved": "https://registry.npmjs.org/json-as/-/json-as-1.3.1.tgz",
      "integrity": "sha512-9S92r9OfADY9OT46oOVf6Hcqr0CresOgkugviJ4IqVRep1IOYWq61wOD+PMakefKbtw/2+T6y7WC7MDuzqcJzQ==",
      "dev": true,
      "license": "MIT",
      "funding": {
        "url": "https://github.com/sponsors/JairusSW"
      }
    },
    "node_modules/long": {
      "version": "5.3.2",
      "resolved": "https://registry.npmjs.org/long/-/long-5.3.2.tgz",
      "integrity": "sha512-mNAgZ1GmyNhD7AuqnTG3/VQ26o760+ZYBPKjPvugO8+nLbYfX6TVpJPseBvopbdY+qpZ/lKUnmEc1LeZYS3QAA==",
      "dev": true,
      "license": "Apache-2.0"
    },
    "node_modules/lru-cache": {
      "version": "11.2.7",
      "resolved": "https://registry.npmjs.org/lru-cache/-/lru-cache-11.2.7.tgz",
      "integrity": "sha512-aY/R+aEsRelme17KGQa/1ZSIpLpNYYrhcrepKTZgE+W3WM16YMCaPwOHLHsmopZHELU0Ojin1lPVxKR0MihncA==",
      "dev": true,
      "license": "BlueOak-1.0.0",
      "engines": {
        "node": "20 || >=22"
      }
    },
    "node_modules/minimatch": {
      "version": "10.2.4",
      "resolved": "https://registry.npmjs.org/minimatch/-/minimatch-10.2.4.tgz",
      "integrity": "sha512-oRjTw/97aTBN0RHbYCdtF1MQfvusSIBQM0IZEgzl6426+8jSC0nF1a/GmnVLpfB9yyr6g6FTqWqiZVbxrtaCIg==",
      "dev": true,
      "license": "BlueOak-1.0.0",
      "dependencies": {
        "brace-expansion": "^5.0.2"
      },
      "engines": {
        "node": "18 || 20 || >=22"
      },
      "funding": {
        "url": "https://github.com/sponsors/isaacs"
      }
    },
    "node_modules/minipass": {
      "version": "7.1.3",
      "resolved": "https://registry.npmjs.org/minipass/-/minipass-7.1.3.tgz",
      "integrity": "sha512-tEBHqDnIoM/1rXME1zgka9g6Q2lcoCkxHLuc7ODJ5BxbP5d4c2Z5cGgtXAku59200Cx7diuHTOYfSBD8n6mm8A==",
      "dev": true,
      "license": "BlueOak-1.0.0",
      "engines": {
        "node": ">=16 || 14 >=14.17"
      }
    },
    "node_modules/path-scurry": {
      "version": "2.0.2",
      "resolved": "https://registry.npmjs.org/path-scurry/-/path-scurry-2.0.2.tgz",
      "integrity": "sha512-3O/iVVsJAPsOnpwWIeD+d6z/7PmqApyQePUtCndjatj/9I5LylHvt5qluFaBT3I5h3r1ejfR056c+FCv+NnNXg==",
      "dev": true,
      "license": "BlueOak-1.0.0",
      "dependencies": {
        "lru-cache": "^11.0.0",
        "minipass": "^7.1.2"
      },
      "engines": {
        "node": "18 || 20 || >=22"
      },
      "funding": {
        "url": "https://github.com/sponsors/isaacs"
      }
    },
    "node_modules/table-as": {
      "version": "1.0.1",
      "resolved": "https://registry.npmjs.org/table-as/-/table-as-1.0.1.tgz",
      "integrity": "sha512-Ilbfp3Vz43gsdya4F3s300E5WIkTWUNYkrmZgjCVVLF7l3Bd/9NIo/eNJ3OvoeocxehwUc0uU8ukPYu4F6H7fw==",
      "dev": true,
      "license": "MIT"
    },
    "node_modules/typer-diff": {
      "version": "1.1.1",
      "resolved": "https://registry.npmjs.org/typer-diff/-/typer-diff-1.1.1.tgz",
      "integrity": "sha512-w9d2C9cqRsmIwp7acrHvN9iKoBOX3mrV57mAb9xkBLBsVVbDD6NAv2hd2BLFikhEWW/n33h/tC8/YCjB0oHnSg==",
      "dev": true,
      "license": "MIT",
      "dependencies": {
        "typescript": "^5.5.2"
      }
    },
    "node_modules/typescript": {
      "version": "5.9.3",
      "resolved": "https://registry.npmjs.org/typescript/-/typescript-5.9.3.tgz",
      "integrity": "sha512-jl1vZzPDinLr9eUt3J/t7V6FgNEw9QjvBPdysz9KfQDD41fQrC2Y4vKQdiaUpFT4bXlb1RHhLpp8wtm6M5TgSw==",
      "dev": true,
      "license": "Apache-2.0",
      "bin": {
        "tsc": "bin/tsc",
        "tsserver": "bin/tsserver"
      },
      "engines": {
        "node": ">=14.17"
      }
    },
    "node_modules/wipc-js": {
      "version": "0.1.1",
      "resolved": "https://registry.npmjs.org/wipc-js/-/wipc-js-0.1.1.tgz",
      "integrity": "sha512-ioqa37lSPEfEp00cOfS1f4sjBrIjwT2T0h08dlRkCZJSWX7rBqMwPz8a4favlEkeBrBBbjNX7VeqhwFnKDLpjw==",
      "dev": true,
      "license": "MIT",
      "dependencies": {
        "json-as": "^1.2.5"
      },
      "peerDependencies": {
        "assemblyscript": "^0.28.9"
      }
    }
  }
}
